
Microsoft Visual Studio Solution File, Format Version 12.00
# Visual Studio Version 17
VisualStudioVersion = 17.8.34309.116
MinimumVisualStudioVersion = 10.0.40219.1
Project("{9A19103F-16F7-4668-BE54-9A1E7A4F7556}") = "SpendingAnalyser.Tests", "test\SpendingAnalyzer.Tests\SpendingAnalyser.Tests.csproj", "{93CC1B48-36DA-48BE-BAE4-0A6155190DC8}"
EndProject
Project("{9A19103F-16F7-4668-BE54-9A1E7A4F7556}") = "SpendingAnalyser", "src\SpendingAnalyser\SpendingAnalyser.csproj", "{9F1B9B7F-0001-4376-9801-0FD610D6F287}"
EndProject
Global
	GlobalSection(SolutionConfigurationPlatforms) = preSolution
		Debug|Any CPU = Debug|Any CPU
		Release|Any CPU = Release|Any CPU
	EndGlobalSection
	GlobalSection(ProjectConfigurationPlatforms) = postSolution
		{93CC1B48-36DA-48BE-BAE4-0A6155190DC8}.Debug|Any CPU.ActiveCfg = Debug|Any CPU
		{93CC1B48-36DA-48BE-BAE4-0A6155190DC8}.Debug|Any CPU.Build.0 = Debug|Any CPU
		{93CC1B48-36DA-48BE-BAE4-0A6155190DC8}.Release|Any CPU.ActiveCfg = Release|Any CPU
		{93CC1B48-36DA-48BE-BAE4-0A6155190DC8}.Release|Any CPU.Build.0 = Release|Any CPU
		{9F1B9B7F-0001-4376-9801-0FD610D6F287}.Debug|Any CPU.ActiveCfg = Debug|Any CPU
		{9F1B9B7F-0001-4376-9801-0FD610D6F287}.Debug|Any CPU.Build.0 = Debug|Any CPU
		{9F1B9B7F-0001-4376-9801-0FD610D6F287}.Release|Any CPU.ActiveCfg = Release|Any CPU
		{9F1B9B7F-0001-4376-9801-0FD610D6F287}.Release|Any CPU.Build.0 = Release|Any CPU
	EndGlobalSection
	GlobalSection(SolutionProperties) = preSolution
		HideSolutionNode = FALSE
	EndGlobalSection
	GlobalSection(ExtensibilityGlobals) = postSolution
		SolutionGuid = {C3EAAAAF-4DEF-46DD-9CF1-AFF5A4D8C214}
	EndGlobalSection
EndGlobal
